
Microsoft Visual Studio Solution File, Format Version 12.00
# Visual Studio Version 17
VisualStudioVersion = 17.8.34330.188
MinimumVisualStudioVersion = 10.0.40219.1
Project("{FAE04EC0-301F-11D3-BF4B-00C04F79EFBC}") = "Calculator.Domain", "Src\Calculator.Domain\Calculator.Domain.csproj", "{07F494E9-8381-4250-9812-4B85A46AB986}"
EndProject
Project("{FAE04EC0-301F-11D3-BF4B-00C04F79EFBC}") = "Calculator.DataAccess", "Src\Calculator.DataAccess\Calculator.DataAccess.csproj", "{59679CA5-AB88-45BB-A819-E20D2C8765D4}"
EndProject
Global
	GlobalSection(SolutionConfigurationPlatforms) = preSolution
		Debug|Any CPU = Debug|Any CPU
		Release|Any CPU = Release|Any CPU
	EndGlobalSection
	GlobalSection(ProjectConfigurationPlatforms) = postSolution
		{07F494E9-8381-4250-9812-4B85A46AB986}.Debug|Any CPU.ActiveCfg = Debug|Any CPU
		{07F494E9-8381-4250-9812-4B85A46AB986}.Debug|Any CPU.Build.0 = Debug|Any CPU
		{07F494E9-8381-4250-9812-4B85A46AB986}.Release|Any CPU.ActiveCfg = Release|Any CPU
		{07F494E9-8381-4250-9812-4B85A46AB986}.Release|Any CPU.Build.0 = Release|Any CPU
		{59679CA5-AB88-45BB-A819-E20D2C8765D4}.Debug|Any CPU.ActiveCfg = Debug|Any CPU
		{59679CA5-AB88-45BB-A819-E20D2C8765D4}.Debug|Any CPU.Build.0 = Debug|Any CPU
		{59679CA5-AB88-45BB-A819-E20D2C8765D4}.Release|Any CPU.ActiveCfg = Release|Any CPU
		{59679CA5-AB88-45BB-A819-E20D2C8765D4}.Release|Any CPU.Build.0 = Release|Any CPU
	EndGlobalSection
	GlobalSection(SolutionProperties) = preSolution
		HideSolutionNode = FALSE
	EndGlobalSection
	GlobalSection(ExtensibilityGlobals) = postSolution
		SolutionGuid = {6F62615A-47EC-4D9C-9AC1-7C9C0478542E}
	EndGlobalSection
EndGlobal
